
Microsoft Visual Studio Solution File, Format Version 12.00
# Visual Studio 14
VisualStudioVersion = 14.0.25420.1
MinimumVisualStudioVersion = 10.0.40219.1
Project("{FAE04EC0-301F-11D3-BF4B-00C04F79EFBC}") = "App", "App\App.csproj", "{A97382BC-A37C-4036-A472-51F564E0E44A}"
EndProject
Project("{FAE04EC0-301F-11D3-BF4B-00C04F79EFBC}") = "Solver", "Solver\Solver.csproj", "{ED9598E9-9067-4577-B87D-AEF7F5E84FC2}"
EndProject
Project("{FAE04EC0-301F-11D3-BF4B-00C04F79EFBC}") = "SolverTests", "SolverTests\SolverTests.csproj", "{302250E4-9B90-48EB-AE88-28986F4B3C73}"
EndProject
Project("{FAE04EC0-301F-11D3-BF4B-00C04F79EFBC}") = "App2", "App2\App2.csproj", "{66BFB416-7424-4B2F-8F7F-D378580DE3F4}"
EndProject
Global
	GlobalSection(SolutionConfigurationPlatforms) = preSolution
		Debug|Any CPU = Debug|Any CPU
		Release|Any CPU = Release|Any CPU
	EndGlobalSection
	GlobalSection(ProjectConfigurationPlatforms) = postSolution
		{A97382BC-A37C-4036-A472-51F564E0E44A}.Debug|Any CPU.ActiveCfg = Debug|Any CPU
		{A97382BC-A37C-4036-A472-51F564E0E44A}.Debug|Any CPU.Build.0 = Debug|Any CPU
		{A97382BC-A37C-4036-A472-51F564E0E44A}.Release|Any CPU.ActiveCfg = Release|Any CPU
		{A97382BC-A37C-4036-A472-51F564E0E44A}.Release|Any CPU.Build.0 = Release|Any CPU
		{ED9598E9-9067-4577-B87D-AEF7F5E84FC2}.Debug|Any CPU.ActiveCfg = Debug|Any CPU
		{ED9598E9-9067-4577-B87D-AEF7F5E84FC2}.Debug|Any CPU.Build.0 = Debug|Any CPU
		{ED9598E9-9067-4577-B87D-AEF7F5E84FC2}.Release|Any CPU.ActiveCfg = Release|Any CPU
		{ED9598E9-9067-4577-B87D-AEF7F5E84FC2}.Release|Any CPU.Build.0 = Release|Any CPU
		{302250E4-9B90-48EB-AE88-28986F4B3C73}.Debug|Any CPU.ActiveCfg = Debug|Any CPU
		{302250E4-9B90-48EB-AE88-28986F4B3C73}.Debug|Any CPU.Build.0 = Debug|Any CPU
		{302250E4-9B90-48EB-AE88-28986F4B3C73}.Release|Any CPU.ActiveCfg = Release|Any CPU
		{302250E4-9B90-48EB-AE88-28986F4B3C73}.Release|Any CPU.Build.0 = Release|Any CPU
		{66BFB416-7424-4B2F-8F7F-D378580DE3F4}.Debug|Any CPU.ActiveCfg = Debug|Any CPU
		{66BFB416-7424-4B2F-8F7F-D378580DE3F4}.Debug|Any CPU.Build.0 = Debug|Any CPU
		{66BFB416-7424-4B2F-8F7F-D378580DE3F4}.Release|Any CPU.ActiveCfg = Release|Any CPU
		{66BFB416-7424-4B2F-8F7F-D378580DE3F4}.Release|Any CPU.Build.0 = Release|Any CPU
	EndGlobalSection
	GlobalSection(SolutionProperties) = preSolution
		HideSolutionNode = FALSE
	EndGlobalSection
EndGlobal
